{
  "name": "jshint-esnext.vim",
  "version": "1.0.0",
  "lockfileVersion": 1,
  "requires": true,
  "dependencies": {
    "amdefine": {
      "version": "1.0.1",
      "resolved": "https://registry.npmjs.org/amdefine/-/amdefine-1.0.1.tgz",
      "integrity": "sha1-SlKCrBZHKek2Gbz9OtFR+BfOkfU="
    },
    "ast-types": {
      "version": "0.4.13",
      "resolved": "https://registry.npmjs.org/ast-types/-/ast-types-0.4.13.tgz",
      "integrity": "sha1-RFvQsPI1Ao9dxbUy/KJ9x7Ge11Q=",
      "requires": {
        "depd": "1.0.1"
      }
    },
    "balanced-match": {
      "version": "1.0.0",
      "resolved": "https://registry.npmjs.org/balanced-match/-/balanced-match-1.0.0.tgz",
      "integrity": "sha1-ibTRmasr7kneFk6gK4nORi1xt2c="
    },
    "base62": {
      "version": "0.1.1",
      "resolved": "https://registry.npmjs.org/base62/-/base62-0.1.1.tgz",
      "integrity": "sha1-e0F0wvlESXU7EcJlHAg9qEGnsIQ="
    },
    "brace-expansion": {
      "version": "1.1.8",
      "resolved": "https://registry.npmjs.org/brace-expansion/-/brace-expansion-1.1.8.tgz",
      "integrity": "sha1-wHshHHyVLsH479Uad+8NHTmQopI=",
      "requires": {
        "balanced-match": "1.0.0",
        "concat-map": "0.0.1"
      }
    },
    "cli": {
      "version": "1.0.1",
      "resolved": "https://registry.npmjs.org/cli/-/cli-1.0.1.tgz",
      "integrity": "sha1-IoF1NPJL+klQw01TLUjsvGIbjBQ=",
      "requires": {
        "exit": "0.1.2",
        "glob": "7.1.2"
      }
    },
    "cls": {
      "version": "0.1.5",
      "resolved": "https://registry.npmjs.org/cls/-/cls-0.1.5.tgz",
      "integrity": "sha1-3zIYz50UgHR/WE2IsZt0xrKBMXs="
    },
    "commander": {
      "version": "2.2.0",
      "resolved": "https://registry.npmjs.org/commander/-/commander-2.2.0.tgz",
      "integrity": "sha1-F1rUuTF/P/YV8gHB5XIk9Vo+kd8="
    },
    "commoner": {
      "version": "0.9.8",
      "resolved": "https://registry.npmjs.org/commoner/-/commoner-0.9.8.tgz",
      "integrity": "sha1-IvWViPE0o6+gSq6pfou1dJcqze0=",
      "requires": {
        "commander": "2.2.0",
        "glob": "3.2.11",
        "graceful-fs": "2.0.3",
        "iconv-lite": "0.2.11",
        "install": "0.1.8",
        "mkdirp": "0.3.5",
        "private": "0.1.7",
        "q": "1.0.1",
        "recast": "0.7.5"
      },
      "dependencies": {
        "glob": {
          "version": "3.2.11",
          "resolved": "https://registry.npmjs.org/glob/-/glob-3.2.11.tgz",
          "integrity": "sha1-Spc/Y1uRkPcV0QmH1cAP0oFevj0=",
          "requires": {
            "inherits": "2.0.3",
            "minimatch": "0.3.0"
          }
        },
        "minimatch": {
          "version": "0.3.0",
          "resolved": "https://registry.npmjs.org/minimatch/-/minimatch-0.3.0.tgz",
          "integrity": "sha1-J12O2qxPG7MyZHIInnlJyDlGmd0=",
          "requires": {
            "lru-cache": "2.7.3",
            "sigmund": "1.0.1"
          }
        }
      }
    },
    "concat-map": {
      "version": "0.0.1",
      "resolved": "https://registry.npmjs.org/concat-map/-/concat-map-0.0.1.tgz",
      "integrity": "sha1-2Klr13/Wjfd5OnMDajug1UBdR3s="
    },
    "console-browserify": {
      "version": "1.1.0",
      "resolved": "https://registry.npmjs.org/console-browserify/-/console-browserify-1.1.0.tgz",
      "integrity": "sha1-8CQcRXMKn8YyOyBtvzjtx0HQuxA=",
      "requires": {
        "date-now": "0.1.4"
      }
    },
    "copy-dir": {
      "version": "0.3.0",
      "resolved": "https://registry.npmjs.org/copy-dir/-/copy-dir-0.3.0.tgz",
      "integrity": "sha1-3rLcL6nJKQ7UfIQVWpmabUX1o1g=",
      "requires": {
        "mkdir-p": "0.0.7"
      }
    },
    "core-util-is": {
      "version": "1.0.2",
      "resolved": "https://registry.npmjs.org/core-util-is/-/core-util-is-1.0.2.tgz",
      "integrity": "sha1-tf1UIgqivFq1eqtxQMlAdUUDwac="
    },
    "date-now": {
      "version": "0.1.4",
      "resolved": "https://registry.npmjs.org/date-now/-/date-now-0.1.4.tgz",
      "integrity": "sha1-6vQ5/U1ISK105cx9vvIAZyueNFs="
    },
    "depd": {
      "version": "1.0.1",
      "resolved": "https://registry.npmjs.org/depd/-/depd-1.0.1.tgz",
      "integrity": "sha1-gK7GTJ1tl+ZcwqnKqTwKpqv3Oqo="
    },
    "dom-serializer": {
      "version": "0.1.0",
      "resolved": "https://registry.npmjs.org/dom-serializer/-/dom-serializer-0.1.0.tgz",
      "integrity": "sha1-BzxpdUbOB4DOI75KKOKT5AvDDII=",
      "requires": {
        "domelementtype": "1.1.3",
        "entities": "1.1.1"
      },
      "dependencies": {
        "domelementtype": {
          "version": "1.1.3",
          "resolved": "https://registry.npmjs.org/domelementtype/-/domelementtype-1.1.3.tgz",
          "integrity": "sha1-vSh3PiZCiBrsUVRJJCmcXNgiGFs="
        },
        "entities": {
          "version": "1.1.1",
          "resolved": "https://registry.npmjs.org/entities/-/entities-1.1.1.tgz",
          "integrity": "sha1-blwtClYhtdra7O+AuQ7ftc13cvA="
        }
      }
    },
    "domelementtype": {
      "version": "1.3.0",
      "resolved": "https://registry.npmjs.org/domelementtype/-/domelementtype-1.3.0.tgz",
      "integrity": "sha1-sXrtguirWeUt2cGbF1bg/BhyBMI="
    },
    "domhandler": {
      "version": "2.3.0",
      "resolved": "https://registry.npmjs.org/domhandler/-/domhandler-2.3.0.tgz",
      "integrity": "sha1-LeWaCCLVAn+r/28DLCsloqir5zg=",
      "requires": {
        "domelementtype": "1.3.0"
      }
    },
    "domutils": {
      "version": "1.5.1",
      "resolved": "https://registry.npmjs.org/domutils/-/domutils-1.5.1.tgz",
      "integrity": "sha1-3NhIiib1Y9YQeeSMn3t+Mjc2gs8=",
      "requires": {
        "dom-serializer": "0.1.0",
        "domelementtype": "1.3.0"
      }
    },
    "entities": {
      "version": "1.0.0",
      "resolved": "https://registry.npmjs.org/entities/-/entities-1.0.0.tgz",
      "integrity": "sha1-sph6o4ITR/zeZCsk/fyeT7cSvyY="
    },
    "esprima-fb": {
      "version": "4001.1.0-dev-harmony-fb",
      "resolved": "https://registry.npmjs.org/esprima-fb/-/esprima-fb-4001.1.0-dev-harmony-fb.tgz",
      "integrity": "sha1-tBM3JbAvTBCc9B55nBdbqibTYGU="
    },
    "exit": {
      "version": "0.1.2",
      "resolved": "https://registry.npmjs.org/exit/-/exit-0.1.2.tgz",
      "integrity": "sha1-BjJjj42HfMghB9MKD/8aF8uhzQw="
    },
    "fs.realpath": {
      "version": "1.0.0",
      "resolved": "https://registry.npmjs.org/fs.realpath/-/fs.realpath-1.0.0.tgz",
      "integrity": "sha1-FQStJSMVjKpA20onh8sBQRmU6k8="
    },
    "glob": {
      "version": "7.1.2",
      "resolved": "https://registry.npmjs.org/glob/-/glob-7.1.2.tgz",
      "integrity": "sha512-MJTUg1kjuLeQCJ+ccE4Vpa6kKVXkPYJ2mOCQyUuKLcLQsdrMCpBPUi8qVE6+YuaJkozeA9NusTAw3hLr8Xe5EQ==",
      "requires": {
        "fs.realpath": "1.0.0",
        "inflight": "1.0.6",
        "inherits": "2.0.3",
        "minimatch": "3.0.4",
        "once": "1.4.0",
        "path-is-absolute": "1.0.1"
      }
    },
    "graceful-fs": {
      "version": "2.0.3",
      "resolved": "https://registry.npmjs.org/graceful-fs/-/graceful-fs-2.0.3.tgz",
      "integrity": "sha1-fNLNsiiko/Nule+mzBQt59GhNtA="
    },
    "htmlparser2": {
      "version": "3.8.3",
      "resolved": "https://registry.npmjs.org/htmlparser2/-/htmlparser2-3.8.3.tgz",
      "integrity": "sha1-mWwosZFRaovoZQGn15dX5ccMEGg=",
      "requires": {
        "domelementtype": "1.3.0",
        "domhandler": "2.3.0",
        "domutils": "1.5.1",
        "entities": "1.0.0",
        "readable-stream": "1.1.14"
      }
    },
    "iconv-lite": {
      "version": "0.2.11",
      "resolved": "https://registry.npmjs.org/iconv-lite/-/iconv-lite-0.2.11.tgz",
      "integrity": "sha1-HOYKOleGSiktEyH/RgnKS7llrcg="
    },
    "inflight": {
      "version": "1.0.6",
      "resolved": "https://registry.npmjs.org/inflight/-/inflight-1.0.6.tgz",
      "integrity": "sha1-Sb1jMdfQLQwJvJEKEHW6gWW1bfk=",
      "requires": {
        "once": "1.4.0",
        "wrappy": "1.0.2"
      }
    },
    "inherits": {
      "version": "2.0.3",
      "resolved": "https://registry.npmjs.org/inherits/-/inherits-2.0.3.tgz",
      "integrity": "sha1-Yzwsg+PaQqUC9SRmAiSA9CCCYd4="
    },
    "install": {
      "version": "0.1.8",
      "resolved": "https://registry.npmjs.org/install/-/install-0.1.8.tgz",
      "integrity": "sha1-mYDvk+MN+1NHeNFjvIbd1HKtX+g="
    },
    "isarray": {
      "version": "0.0.1",
      "resolved": "https://registry.npmjs.org/isarray/-/isarray-0.0.1.tgz",
      "integrity": "sha1-ihis/Kmo9Bd+Cav8YDiTmwXR7t8="
    },
    "jshint": {
      "version": "2.9.5",
      "resolved": "https://registry.npmjs.org/jshint/-/jshint-2.9.5.tgz",
      "integrity": "sha1-HnJSkVzmgbQIJ+4UJIxG006apiw=",
      "requires": {
        "cli": "1.0.1",
        "console-browserify": "1.1.0",
        "exit": "0.1.2",
        "htmlparser2": "3.8.3",
        "lodash": "3.7.0",
        "minimatch": "3.0.4",
        "shelljs": "0.3.0",
        "strip-json-comments": "1.0.4"
      }
    },
    "jshint-esnext": {
      "version": "2.7.0-3",
      "resolved": "https://registry.npmjs.org/jshint-esnext/-/jshint-esnext-2.7.0-3.tgz",
      "integrity": "sha1-M0xN6pF1MoQoyY2OkCR0h3rXiXE=",
      "requires": {
        "cli": "0.6.6",
        "console-browserify": "1.1.0",
        "exit": "0.1.2",
        "htmlparser2": "3.8.3",
        "lodash": "3.6.0",
        "minimatch": "2.0.10",
        "shelljs": "0.3.0",
        "strip-json-comments": "1.0.4",
        "underscore": "1.6.0"
      },
      "dependencies": {
        "cli": {
          "version": "0.6.6",
          "resolved": "https://registry.npmjs.org/cli/-/cli-0.6.6.tgz",
          "integrity": "sha1-Aq1Eo4Cr8nraxebwzdewQ9dMU+M=",
          "requires": {
            "exit": "0.1.2",
            "glob": "3.2.11"
          }
        },
        "glob": {
          "version": "3.2.11",
          "resolved": "https://registry.npmjs.org/glob/-/glob-3.2.11.tgz",
          "integrity": "sha1-Spc/Y1uRkPcV0QmH1cAP0oFevj0=",
          "requires": {
            "inherits": "2.0.3",
            "minimatch": "0.3.0"
          },
          "dependencies": {
            "minimatch": {
              "version": "0.3.0",
              "resolved": "https://registry.npmjs.org/minimatch/-/minimatch-0.3.0.tgz",
              "integrity": "sha1-J12O2qxPG7MyZHIInnlJyDlGmd0=",
              "requires": {
                "lru-cache": "2.7.3",
                "sigmund": "1.0.1"
              }
            }
          }
        },
        "lodash": {
          "version": "3.6.0",
          "resolved": "https://registry.npmjs.org/lodash/-/lodash-3.6.0.tgz",
          "integrity": "sha1-Umao9J3Zib5Pn2gbbyoMVShdDZo="
        },
        "minimatch": {
          "version": "2.0.10",
          "resolved": "https://registry.npmjs.org/minimatch/-/minimatch-2.0.10.tgz",
          "integrity": "sha1-jQh8OcazjAAbl/ynzm0OHoCvusc=",
          "requires": {
            "brace-expansion": "1.1.8"
          }
        }
      }
    },
    "jstransform": {
      "version": "5.0.0",
      "resolved": "https://registry.npmjs.org/jstransform/-/jstransform-5.0.0.tgz",
      "integrity": "sha1-xRVYDd3rglz4vgyzz9Y/zzlDJqM=",
      "requires": {
        "base62": "0.1.1",
        "esprima-fb": "4001.1.0-dev-harmony-fb",
        "source-map": "0.1.31"
      }
    },
    "lodash": {
      "version": "3.7.0",
      "resolved": "https://registry.npmjs.org/lodash/-/lodash-3.7.0.tgz",
      "integrity": "sha1-Nni9irmVBXwHreg27S7wh9qBHUU="
    },
    "lru-cache": {
      "version": "2.7.3",
      "resolved": "https://registry.npmjs.org/lru-cache/-/lru-cache-2.7.3.tgz",
      "integrity": "sha1-bUUk6LlV+V1PW1iFHOId1y+06VI="
    },
    "minimatch": {
      "version": "3.0.4",
      "resolved": "https://registry.npmjs.org/minimatch/-/minimatch-3.0.4.tgz",
      "integrity": "sha512-yJHVQEhyqPLUTgt9B83PXu6W3rx4MvvHvSUvToogpwoGDOUQ+yDrR0HRot+yOCdCO7u4hX3pWft6kWBBcqh0UA==",
      "requires": {
        "brace-expansion": "1.1.8"
      }
    },
    "mkdir-p": {
      "version": "0.0.7",
      "resolved": "https://registry.npmjs.org/mkdir-p/-/mkdir-p-0.0.7.tgz",
      "integrity": "sha1-JMXb4m2jqZ7xWKHu+aXC3Z3laDw="
    },
    "mkdirp": {
      "version": "0.3.5",
      "resolved": "https://registry.npmjs.org/mkdirp/-/mkdirp-0.3.5.tgz",
      "integrity": "sha1-3j5fiWHIjHh+4TaN+EmsRBPsqNc="
    },
    "ncp": {
      "version": "2.0.0",
      "resolved": "https://registry.npmjs.org/ncp/-/ncp-2.0.0.tgz",
      "integrity": "sha1-GVoh1sRuNh0vsSgbo4uR6d9727M="
    },
    "once": {
      "version": "1.4.0",
      "resolved": "https://registry.npmjs.org/once/-/once-1.4.0.tgz",
      "integrity": "sha1-WDsap3WWHUsROsF9nFC6753Xa9E=",
      "requires": {
        "wrappy": "1.0.2"
      }
    },
    "path-is-absolute": {
      "version": "1.0.1",
      "resolved": "https://registry.npmjs.org/path-is-absolute/-/path-is-absolute-1.0.1.tgz",
      "integrity": "sha1-F0uSaHNVNP+8es5r9TpanhtcX18="
    },
    "private": {
      "version": "0.1.7",
      "resolved": "https://registry.npmjs.org/private/-/private-0.1.7.tgz",
      "integrity": "sha1-aM5eih7woju1cMwoU3tTMqumPvE="
    },
    "q": {
      "version": "1.0.1",
      "resolved": "https://registry.npmjs.org/q/-/q-1.0.1.tgz",
      "integrity": "sha1-EYcq7t7okmgRCxCnGESP+xARKhQ="
    },
    "react-tools": {
      "version": "0.11.2",
      "resolved": "https://registry.npmjs.org/react-tools/-/react-tools-0.11.2.tgz",
      "integrity": "sha1-3H+GVUVSsNjOb65TcmumSZz2bOs=",
      "requires": {
        "commoner": "0.9.8",
        "esprima-fb": "6001.1.0-dev-harmony-fb",
        "jstransform": "6.3.2"
      },
      "dependencies": {
        "esprima-fb": {
          "version": "6001.1.0-dev-harmony-fb",
          "resolved": "https://registry.npmjs.org/esprima-fb/-/esprima-fb-6001.1.0-dev-harmony-fb.tgz",
          "integrity": "sha1-cnBd5wMLRcpBu/FkAKNjb/oMpOs="
        },
        "jstransform": {
          "version": "6.3.2",
          "resolved": "https://registry.npmjs.org/jstransform/-/jstransform-6.3.2.tgz",
          "integrity": "sha1-HnqZynVAsmZ22XKrdfHS505rI6k=",
          "requires": {
            "base62": "0.1.1",
            "esprima-fb": "6001.1.0-dev-harmony-fb",
            "source-map": "0.1.31"
          }
        }
      }
    },
    "readable-stream": {
      "version": "1.1.14",
      "resolved": "https://registry.npmjs.org/readable-stream/-/readable-stream-1.1.14.tgz",
      "integrity": "sha1-fPTFTvZI44EwhMY23SB54WbAgdk=",
      "requires": {
        "core-util-is": "1.0.2",
        "inherits": "2.0.3",
        "isarray": "0.0.1",
        "string_decoder": "0.10.31"
      }
    },
    "recast": {
      "version": "0.7.5",
      "resolved": "https://registry.npmjs.org/recast/-/recast-0.7.5.tgz",
      "integrity": "sha1-Ek589j4qc3zWkkPjeRlsRVSbHy4=",
      "requires": {
        "ast-types": "0.4.13",
        "cls": "0.1.5",
        "esprima-fb": "6001.1001.0-dev-harmony-fb",
        "private": "0.1.7",
        "source-map": "0.1.32"
      },
      "dependencies": {
        "esprima-fb": {
          "version": "6001.1001.0-dev-harmony-fb",
          "resolved": "https://registry.npmjs.org/esprima-fb/-/esprima-fb-6001.1001.0-dev-harmony-fb.tgz",
          "integrity": "sha1-qYghdQ+rrbFkzdGZqUNHo5GdGsU="
        },
        "source-map": {
          "version": "0.1.32",
          "resolved": "https://registry.npmjs.org/source-map/-/source-map-0.1.32.tgz",
          "integrity": "sha1-yLbBZ3l7pHQKjqMyUhYv8IWRsmY=",
          "requires": {
            "amdefine": "1.0.1"
          }
        }
      }
    },
    "shelljs": {
      "version": "0.3.0",
      "resolved": "https://registry.npmjs.org/shelljs/-/shelljs-0.3.0.tgz",
      "integrity": "sha1-NZbmMHp4FUT1kfN9phg2DzHbV7E="
    },
    "sigmund": {
      "version": "1.0.1",
      "resolved": "https://registry.npmjs.org/sigmund/-/sigmund-1.0.1.tgz",
      "integrity": "sha1-P/IfGYytIXX587eBhT/ZTQ0ZtZA="
    },
    "source-map": {
      "version": "0.1.31",
      "resolved": "https://registry.npmjs.org/source-map/-/source-map-0.1.31.tgz",
      "integrity": "sha1-n3BNDWnZ4TioG63267T94z0VHGE=",
      "requires": {
        "amdefine": "1.0.1"
      }
    },
    "string_decoder": {
      "version": "0.10.31",
      "resolved": "https://registry.npmjs.org/string_decoder/-/string_decoder-0.10.31.tgz",
      "integrity": "sha1-YuIDvEF2bGwoyfyEMB2rHFMQ+pQ="
    },
    "strip-json-comments": {
      "version": "1.0.4",
      "resolved": "https://registry.npmjs.org/strip-json-comments/-/strip-json-comments-1.0.4.tgz",
      "integrity": "sha1-HhX7ysl9Pumb8tc7TGVrCCu6+5E="
    },
    "underscore": {
      "version": "1.6.0",
      "resolved": "https://registry.npmjs.org/underscore/-/underscore-1.6.0.tgz",
      "integrity": "sha1-izixDKze9jM3uLJOT/htRa6lKag="
    },
    "wrappy": {
      "version": "1.0.2",
      "resolved": "https://registry.npmjs.org/wrappy/-/wrappy-1.0.2.tgz",
      "integrity": "sha1-tSQ9jz7BqjXxNkYFvA0QNuMKtp8="
    }
  }
}
